// !$*UTF8*$!
{
	archiveVersion = 1;
	classes = {
	};
	objectVersion = 56;
	objects = {

/* Begin PBXBuildFile section */
		F4E968832A5B12EC005F2821 /* AppDelegate.swift in Sources */ = {isa = PBXBuildFile; fileRef = F4E968822A5B12EC005F2821 /* AppDelegate.swift */; };
		F4E968852A5B12EC005F2821 /* SceneDelegate.swift in Sources */ = {isa = PBXBuildFile; fileRef = F4E968842A5B12EC005F2821 /* SceneDelegate.swift */; };
		F4E968872A5B12EC005F2821 /* ViewController.swift in Sources */ = {isa = PBXBuildFile; fileRef = F4E968862A5B12EC005F2821 /* ViewController.swift */; };
		F4E9688A2A5B12EC005F2821 /* Main.storyboard in Resources */ = {isa = PBXBuildFile; fileRef = F4E968882A5B12EC005F2821 /* Main.storyboard */; };
		F4E9688C2A5B12EE005F2821 /* Assets.xcassets in Resources */ = {isa = PBXBuildFile; fileRef = F4E9688B2A5B12EE005F2821 /* Assets.xcassets */; };
		F4E9688F2A5B12EE005F2821 /* LaunchScreen.storyboard in Resources */ = {isa = PBXBuildFile; fileRef = F4E9688D2A5B12EE005F2821 /* LaunchScreen.storyboard */; };
		F4E9689A2A5B12EE005F2821 /* Rock___Paper___Scissors_2Tests.swift in Sources */ = {isa = PBXBuildFile; fileRef = F4E968992A5B12EE005F2821 /* Rock___Paper___Scissors_2Tests.swift */; };
		F4E968A42A5B12EE005F2821 /* Rock___Paper___Scissors_2UITests.swift in Sources */ = {isa = PBXBuildFile; fileRef = F4E968A32A5B12EE005F2821 /* Rock___Paper___Scissors_2UITests.swift */; };
		F4E968A62A5B12EE005F2821 /* Rock___Paper___Scissors_2UITestsLaunchTests.swift in Sources */ = {isa = PBXBuildFile; fileRef = F4E968A52A5B12EE005F2821 /* Rock___Paper___Scissors_2UITestsLaunchTests.swift */; };
/* End PBXBuildFile section */

/* Begin PBXContainerItemProxy section */
		F4E968962A5B12EE005F2821 /* PBXContainerItemProxy */ = {
			isa = PBXContainerItemProxy;
			containerPortal = F4E968772A5B12EC005F2821 /* Project object */;
			proxyType = 1;
			remoteGlobalIDString = F4E9687E2A5B12EC005F2821;
			remoteInfo = "Rock - Paper - Scissors 2";
		};
		F4E968A02A5B12EE005F2821 /* PBXContainerItemProxy */ = {
			isa = PBXContainerItemProxy;
			containerPortal = F4E968772A5B12EC005F2821 /* Project object */;
			proxyType = 1;
			remoteGlobalIDString = F4E9687E2A5B12EC005F2821;
			remoteInfo = "Rock - Paper - Scissors 2";
		};
/* End PBXContainerItemProxy section */

/* Begin PBXFileReference section */
		F4E9687F2A5B12EC005F2821 /* Rock - Paper - Scissors 2.app */ = {isa = PBXFileReference; explicitFileType = wrapper.application; includeInIndex = 0; path = "Rock - Paper - Scissors 2.app"; sourceTree = BUILT_PRODUCTS_DIR; };
		F4E968822A5B12EC005F2821 /* AppDelegate.swift */ = {isa = PBXFileReference; lastKnownFileType = sourcecode.swift; path = AppDelegate.swift; sourceTree = "<group>"; };
		F4E968842A5B12EC005F2821 /* SceneDelegate.swift */ = {isa = PBXFileReference; lastKnownFileType = sourcecode.swift; path = SceneDelegate.swift; sourceTree = "<group>"; };
		F4E968862A5B12EC005F2821 /* ViewController.swift */ = {isa = PBXFileReference; lastKnownFileType = sourcecode.swift; path = ViewController.swift; sourceTree = "<group>"; };
		F4E968892A5B12EC005F2821 /* Base */ = {isa = PBXFileReference; lastKnownFileType = file.storyboard; name = Base; path = Base.lproj/Main.storyboard; sourceTree = "<group>"; };
		F4E9688B2A5B12EE005F2821 /* Assets.xcassets */ = {isa = PBXFileReference; lastKnownFileType = folder.assetcatalog; path = Assets.xcassets; sourceTree = "<group>"; };
		F4E9688E2A5B12EE005F2821 /* Base */ = {isa = PBXFileReference; lastKnownFileType = file.storyboard; name = Base; path = Base.lproj/LaunchScreen.storyboard; sourceTree = "<group>"; };
		F4E968902A5B12EE005F2821 /* Info.plist */ = {isa = PBXFileReference; lastKnownFileType = text.plist.xml; path = Info.plist; sourceTree = "<group>"; };
		F4E968952A5B12EE005F2821 /* Rock - Paper - Scissors 2Tests.xctest */ = {isa = PBXFileReference; explicitFileType = wrapper.cfbundle; includeInIndex = 0; path = "Rock - Paper - Scissors 2Tests.xctest"; sourceTree = BUILT_PRODUCTS_DIR; };
		F4E968992A5B12EE005F2821 /* Rock___Paper___Scissors_2Tests.swift */ = {isa = PBXFileReference; lastKnownFileType = sourcecode.swift; path = "Rock___Paper___Scissors_2Tests.swift"; sourceTree = "<group>"; };
		F4E9689F2A5B12EE005F2821 /* Rock - Paper - Scissors 2UITests.xctest */ = {isa = PBXFileReference; explicitFileType = wrapper.cfbundle; includeInIndex = 0; path = "Rock - Paper - Scissors 2UITests.xctest"; sourceTree = BUILT_PRODUCTS_DIR; };
		F4E968A32A5B12EE005F2821 /* Rock___Paper___Scissors_2UITests.swift */ = {isa = PBXFileReference; lastKnownFileType = sourcecode.swift; path = "Rock___Paper___Scissors_2UITests.swift"; sourceTree = "<group>"; };
		F4E968A52A5B12EE005F2821 /* Rock___Paper___Scissors_2UITestsLaunchTests.swift */ = {isa = PBXFileReference; lastKnownFileType = sourcecode.swift; path = "Rock___Paper___Scissors_2UITestsLaunchTests.swift"; sourceTree = "<group>"; };
/* End PBXFileReference section */

/* Begin PBXFrameworksBuildPhase section */
		F4E9687C2A5B12EC005F2821 /* Frameworks */ = {
			isa = PBXFrameworksBuildPhase;
			buildActionMask = 2147483647;
			files = (
			);
			runOnlyForDeploymentPostprocessing = 0;
		};
		F4E968922A5B12EE005F2821 /* Frameworks */ = {
			isa = PBXFrameworksBuildPhase;
			buildActionMask = 2147483647;
			files = (
			);
			runOnlyForDeploymentPostprocessing = 0;
		};
		F4E9689C2A5B12EE005F2821 /* Frameworks */ = {
			isa = PBXFrameworksBuildPhase;
			buildActionMask = 2147483647;
			files = (
			);
			runOnlyForDeploymentPostprocessing = 0;
		};
/* End PBXFrameworksBuildPhase section */

/* Begin PBXGroup section */
		F4E968762A5B12EC005F2821 = {
			isa = PBXGroup;
			children = (
				F4E968812A5B12EC005F2821 /* Rock - Paper - Scissors 2 */,
				F4E968982A5B12EE005F2821 /* Rock - Paper - Scissors 2Tests */,
				F4E968A22A5B12EE005F2821 /* Rock - Paper - Scissors 2UITests */,
				F4E968802A5B12EC005F2821 /* Products */,
			);
			sourceTree = "<group>";
		};
		F4E968802A5B12EC005F2821 /* Products */ = {
			isa = PBXGroup;
			children = (
				F4E9687F2A5B12EC005F2821 /* Rock - Paper - Scissors 2.app */,
				F4E968952A5B12EE005F2821 /* Rock - Paper - Scissors 2Tests.xctest */,
				F4E9689F2A5B12EE005F2821 /* Rock - Paper - Scissors 2UITests.xctest */,
			);
			name = Products;
			sourceTree = "<group>";
		};
		F4E968812A5B12EC005F2821 /* Rock - Paper - Scissors 2 */ = {
			isa = PBXGroup;
			children = (
				F4E968822A5B12EC005F2821 /* AppDelegate.swift */,
				F4E968842A5B12EC005F2821 /* SceneDelegate.swift */,
				F4E968862A5B12EC005F2821 /* ViewController.swift */,
				F4E968882A5B12EC005F2821 /* Main.storyboard */,
				F4E9688B2A5B12EE005F2821 /* Assets.xcassets */,
				F4E9688D2A5B12EE005F2821 /* LaunchScreen.storyboard */,
				F4E968902A5B12EE005F2821 /* Info.plist */,
			);
			path = "Rock - Paper - Scissors 2";
			sourceTree = "<group>";
		};
		F4E968982A5B12EE005F2821 /* Rock - Paper - Scissors 2Tests */ = {
			isa = PBXGroup;
			children = (
				F4E968992A5B12EE005F2821 /* Rock___Paper___Scissors_2Tests.swift */,
			);
			path = "Rock - Paper - Scissors 2Tests";
			sourceTree = "<group>";
		};
		F4E968A22A5B12EE005F2821 /* Rock - Paper - Scissors 2UITests */ = {
			isa = PBXGroup;
			children = (
				F4E968A32A5B12EE005F2821 /* Rock___Paper___Scissors_2UITests.swift */,
				F4E968A52A5B12EE005F2821 /* Rock___Paper___Scissors_2UITestsLaunchTests.swift */,
			);
			path = "Rock - Paper - Scissors 2UITests";
			sourceTree = "<group>";
		};
/* End PBXGroup section */

/* Begin PBXNativeTarget section */
		F4E9687E2A5B12EC005F2821 /* Rock - Paper - Scissors 2 */ = {
			isa = PBXNativeTarget;
			buildConfigurationList = F4E968A92A5B12EE005F2821 /* Build configuration list for PBXNativeTarget "Rock - Paper - Scissors 2" */;
			buildPhases = (
				F4E9687B2A5B12EC005F2821 /* Sources */,
				F4E9687C2A5B12EC005F2821 /* Frameworks */,
				F4E9687D2A5B12EC005F2821 /* Resources */,
			);
			buildRules = (
			);
			dependencies = (
			);
			name = "Rock - Paper - Scissors 2";
			productName = "Rock - Paper - Scissors 2";
			productReference = F4E9687F2A5B12EC005F2821 /* Rock - Paper - Scissors 2.app */;
			productType = "com.apple.product-type.application";
		};
		F4E968942A5B12EE005F2821 /* Rock - Paper - Scissors 2Tests */ = {
			isa = PBXNativeTarget;
			buildConfigurationList = F4E968AC2A5B12EE005F2821 /* Build configuration list for PBXNativeTarget "Rock - Paper - Scissors 2Tests" */;
			buildPhases = (
				F4E968912A5B12EE005F2821 /* Sources */,
				F4E968922A5B12EE005F2821 /* Frameworks */,
				F4E968932A5B12EE005F2821 /* Resources */,
			);
			buildRules = (
			);
			dependencies = (
				F4E968972A5B12EE005F2821 /* PBXTargetDependency */,
			);
			name = "Rock - Paper - Scissors 2Tests";
			productName = "Rock - Paper - Scissors 2Tests";
			productReference = F4E968952A5B12EE005F2821 /* Rock - Paper - Scissors 2Tests.xctest */;
			productType = "com.apple.product-type.bundle.unit-test";
		};
		F4E9689E2A5B12EE005F2821 /* Rock - Paper - Scissors 2UITests */ = {
			isa = PBXNativeTarget;
			buildConfigurationList = F4E968AF2A5B12EE005F2821 /* Build configuration list for PBXNativeTarget "Rock - Paper - Scissors 2UITests" */;
			buildPhases = (
				F4E9689B2A5B12EE005F2821 /* Sources */,
				F4E9689C2A5B12EE005F2821 /* Frameworks */,
				F4E9689D2A5B12EE005F2821 /* Resources */,
			);
			buildRules = (
			);
			dependencies = (
				F4E968A12A5B12EE005F2821 /* PBXTargetDependency */,
			);
			name = "Rock - Paper - Scissors 2UITests";
			productName = "Rock - Paper - Scissors 2UITests";
			productReference = F4E9689F2A5B12EE005F2821 /* Rock - Paper - Scissors 2UITests.xctest */;
			productType = "com.apple.product-type.bundle.ui-testing";
		};
/* End PBXNativeTarget section */

/* Begin PBXProject section */
		F4E968772A5B12EC005F2821 /* Project object */ = {
			isa = PBXProject;
			attributes = {
				BuildIndependentTargetsInParallel = 1;
				LastSwiftUpdateCheck = 1430;
				LastUpgradeCheck = 1430;
				TargetAttributes = {
					F4E9687E2A5B12EC005F2821 = {
						CreatedOnToolsVersion = 14.3.1;
					};
					F4E968942A5B12EE005F2821 = {
						CreatedOnToolsVersion = 14.3.1;
						TestTargetID = F4E9687E2A5B12EC005F2821;
					};
					F4E9689E2A5B12EE005F2821 = {
						CreatedOnToolsVersion = 14.3.1;
						TestTargetID = F4E9687E2A5B12EC005F2821;
					};
				};
			};
			buildConfigurationList = F4E9687A2A5B12EC005F2821 /* Build configuration list for PBXProject "Rock - Paper - Scissors 2" */;
			compatibilityVersion = "Xcode 14.0";
			developmentRegion = en;
			hasScannedForEncodings = 0;
			knownRegions = (
				en,
				Base,
			);
			mainGroup = F4E968762A5B12EC005F2821;
			productRefGroup = F4E968802A5B12EC005F2821 /* Products */;
			projectDirPath = "";
			projectRoot = "";
			targets = (
				F4E9687E2A5B12EC005F2821 /* Rock - Paper - Scissors 2 */,
				F4E968942A5B12EE005F2821 /* Rock - Paper - Scissors 2Tests */,
				F4E9689E2A5B12EE005F2821 /* Rock - Paper - Scissors 2UITests */,
			);
		};
/* End PBXProject section */

/* Begin PBXResourcesBuildPhase section */
		F4E9687D2A5B12EC005F2821 /* Resources */ = {
			isa = PBXResourcesBuildPhase;
			buildActionMask = 2147483647;
			files = (
				F4E9688F2A5B12EE005F2821 /* LaunchScreen.storyboard in Resources */,
				F4E9688C2A5B12EE005F2821 /* Assets.xcassets in Resources */,
				F4E9688A2A5B12EC005F2821 /* Main.storyboard in Resources */,
			);
			runOnlyForDeploymentPostprocessing = 0;
		};
		F4E968932A5B12EE005F2821 /* Resources */ = {
			isa = PBXResourcesBuildPhase;
			buildActionMask = 2147483647;
			files = (
			);
			runOnlyForDeploymentPostprocessing = 0;
		};
		F4E9689D2A5B12EE005F2821 /* Resources */ = {
			isa = PBXResourcesBuildPhase;
			buildActionMask = 2147483647;
			files = (
			);
			runOnlyForDeploymentPostprocessing = 0;
		};
/* End PBXResourcesBuildPhase section */

/* Begin PBXSourcesBuildPhase section */
		F4E9687B2A5B12EC005F2821 /* Sources */ = {
			isa = PBXSourcesBuildPhase;
			buildActionMask = 2147483647;
			files = (
				F4E968872A5B12EC005F2821 /* ViewController.swift in Sources */,
				F4E968832A5B12EC005F2821 /* AppDelegate.swift in Sources */,
				F4E968852A5B12EC005F2821 /* SceneDelegate.swift in Sources */,
			);
			runOnlyForDeploymentPostprocessing = 0;
		};
		F4E968912A5B12EE005F2821 /* Sources */ = {
			isa = PBXSourcesBuildPhase;
			buildActionMask = 2147483647;
			files = (
				F4E9689A2A5B12EE005F2821 /* Rock___Paper___Scissors_2Tests.swift in Sources */,
			);
			runOnlyForDeploymentPostprocessing = 0;
		};
		F4E9689B2A5B12EE005F2821 /* Sources */ = {
			isa = PBXSourcesBuildPhase;
			buildActionMask = 2147483647;
			files = (
				F4E968A62A5B12EE005F2821 /* Rock___Paper___Scissors_2UITestsLaunchTests.swift in Sources */,
				F4E968A42A5B12EE005F2821 /* Rock___Paper___Scissors_2UITests.swift in Sources */,
			);
			runOnlyForDeploymentPostprocessing = 0;
		};
/* End PBXSourcesBuildPhase section */

/* Begin PBXTargetDependency section */
		F4E968972A5B12EE005F2821 /* PBXTargetDependency */ = {
			isa = PBXTargetDependency;
			target = F4E9687E2A5B12EC005F2821 /* Rock - Paper - Scissors 2 */;
			targetProxy = F4E968962A5B12EE005F2821 /* PBXContainerItemProxy */;
		};
		F4E968A12A5B12EE005F2821 /* PBXTargetDependency */ = {
			isa = PBXTargetDependency;
			target = F4E9687E2A5B12EC005F2821 /* Rock - Paper - Scissors 2 */;
			targetProxy = F4E968A02A5B12EE005F2821 /* PBXContainerItemProxy */;
		};
/* End PBXTargetDependency section */

/* Begin PBXVariantGroup section */
		F4E968882A5B12EC005F2821 /* Main.storyboard */ = {
			isa = PBXVariantGroup;
			children = (
				F4E968892A5B12EC005F2821 /* Base */,
			);
			name = Main.storyboard;
			sourceTree = "<group>";
		};
		F4E9688D2A5B12EE005F2821 /* LaunchScreen.storyboard */ = {
			isa = PBXVariantGroup;
			children = (
				F4E9688E2A5B12EE005F2821 /* Base */,
			);
			name = LaunchScreen.storyboard;
			sourceTree = "<group>";
		};
/* End PBXVariantGroup section */

/* Begin XCBuildConfiguration section */
		F4E968A72A5B12EE005F2821 /* Debug */ = {
			isa = XCBuildConfiguration;
			buildSettings = {
				ALWAYS_SEARCH_USER_PATHS = NO;
				CLANG_ANALYZER_NONNULL = YES;
				CLANG_ANALYZER_NUMBER_OBJECT_CONVERSION = YES_AGGRESSIVE;
				CLANG_CXX_LANGUAGE_STANDARD = "gnu++20";
				CLANG_ENABLE_MODULES = YES;
				CLANG_ENABLE_OBJC_ARC = YES;
				CLANG_ENABLE_OBJC_WEAK = YES;
				CLANG_WARN_BLOCK_CAPTURE_AUTORELEASING = YES;
				CLANG_WARN_BOOL_CONVERSION = YES;
				CLANG_WARN_COMMA = YES;
				CLANG_WARN_CONSTANT_CONVERSION = YES;
				CLANG_WARN_DEPRECATED_OBJC_IMPLEMENTATIONS = YES;
				CLANG_WARN_DIRECT_OBJC_ISA_USAGE = YES_ERROR;
				CLANG_WARN_DOCUMENTATION_COMMENTS = YES;
				CLANG_WARN_EMPTY_BODY = YES;
				CLANG_WARN_ENUM_CONVERSION = YES;
				CLANG_WARN_INFINITE_RECURSION = YES;
				CLANG_WARN_INT_CONVERSION = YES;
				CLANG_WARN_NON_LITERAL_NULL_CONVERSION = YES;
				CLANG_WARN_OBJC_IMPLICIT_RETAIN_SELF = YES;
				CLANG_WARN_OBJC_LITERAL_CONVERSION = YES;
				CLANG_WARN_OBJC_ROOT_CLASS = YES_ERROR;
				CLANG_WARN_QUOTED_INCLUDE_IN_FRAMEWORK_HEADER = YES;
				CLANG_WARN_RANGE_LOOP_ANALYSIS = YES;
				CLANG_WARN_STRICT_PROTOTYPES = YES;
				CLANG_WARN_SUSPICIOUS_MOVE = YES;
				CLANG_WARN_UNGUARDED_AVAILABILITY = YES_AGGRESSIVE;
				CLANG_WARN_UNREACHABLE_CODE = YES;
				CLANG_WARN__DUPLICATE_METHOD_MATCH = YES;
				COPY_PHASE_STRIP = NO;
				DEBUG_INFORMATION_FORMAT = dwarf;
				ENABLE_STRICT_OBJC_MSGSEND = YES;
				ENABLE_TESTABILITY = YES;
				GCC_C_LANGUAGE_STANDARD = gnu11;
				GCC_DYNAMIC_NO_PIC = NO;
				GCC_NO_COMMON_BLOCKS = YES;
				GCC_OPTIMIZATION_LEVEL = 0;
				GCC_PREPROCESSOR_DEFINITIONS = (
					"DEBUG=1",
					"$(inherited)",
				);
				GCC_WARN_64_TO_32_BIT_CONVERSION = YES;
				GCC_WARN_ABOUT_RETURN_TYPE = YES_ERROR;
				GCC_WARN_UNDECLARED_SELECTOR = YES;
				GCC_WARN_UNINITIALIZED_AUTOS = YES_AGGRESSIVE;
				GCC_WARN_UNUSED_FUNCTION = YES;
				GCC_WARN_UNUSED_VARIABLE = YES;
				IPHONEOS_DEPLOYMENT_TARGET = 16.4;
				MTL_ENABLE_DEBUG_INFO = INCLUDE_SOURCE;
				MTL_FAST_MATH = YES;
				ONLY_ACTIVE_ARCH = YES;
				SDKROOT = iphoneos;
				SWIFT_ACTIVE_COMPILATION_CONDITIONS = DEBUG;
				SWIFT_OPTIMIZATION_LEVEL = "-Onone";
			};
			name = Debug;
		};
		F4E968A82A5B12EE005F2821 /* Release */ = {
			isa = XCBuildConfiguration;
			buildSettings = {
				ALWAYS_SEARCH_USER_PATHS = NO;
				CLANG_ANALYZER_NONNULL = YES;
				CLANG_ANALYZER_NUMBER_OBJECT_CONVERSION = YES_AGGRESSIVE;
				CLANG_CXX_LANGUAGE_STANDARD = "gnu++20";
				CLANG_ENABLE_MODULES = YES;
				CLANG_ENABLE_OBJC_ARC = YES;
				CLANG_ENABLE_OBJC_WEAK = YES;
				CLANG_WARN_BLOCK_CAPTURE_AUTORELEASING = YES;
				CLANG_WARN_BOOL_CONVERSION = YES;
				CLANG_WARN_COMMA = YES;
				CLANG_WARN_CONSTANT_CONVERSION = YES;
				CLANG_WARN_DEPRECATED_OBJC_IMPLEMENTATIONS = YES;
				CLANG_WARN_DIRECT_OBJC_ISA_USAGE = YES_ERROR;
				CLANG_WARN_DOCUMENTATION_COMMENTS = YES;
				CLANG_WARN_EMPTY_BODY = YES;
				CLANG_WARN_ENUM_CONVERSION = YES;
				CLANG_WARN_INFINITE_RECURSION = YES;
				CLANG_WARN_INT_CONVERSION = YES;
				CLANG_WARN_NON_LITERAL_NULL_CONVERSION = YES;
				CLANG_WARN_OBJC_IMPLICIT_RETAIN_SELF = YES;
				CLANG_WARN_OBJC_LITERAL_CONVERSION = YES;
				CLANG_WARN_OBJC_ROOT_CLASS = YES_ERROR;
				CLANG_WARN_QUOTED_INCLUDE_IN_FRAMEWORK_HEADER = YES;
				CLANG_WARN_RANGE_LOOP_ANALYSIS = YES;
				CLANG_WARN_STRICT_PROTOTYPES = YES;
				CLANG_WARN_SUSPICIOUS_MOVE = YES;
				CLANG_WARN_UNGUARDED_AVAILABILITY = YES_AGGRESSIVE;
				CLANG_WARN_UNREACHABLE_CODE = YES;
				CLANG_WARN__DUPLICATE_METHOD_MATCH = YES;
				COPY_PHASE_STRIP = NO;
				DEBUG_INFORMATION_FORMAT = "dwarf-with-dsym";
				ENABLE_NS_ASSERTIONS = NO;
				ENABLE_STRICT_OBJC_MSGSEND = YES;
				GCC_C_LANGUAGE_STANDARD = gnu11;
				GCC_NO_COMMON_BLOCKS = YES;
				GCC_WARN_64_TO_32_BIT_CONVERSION = YES;
				GCC_WARN_ABOUT_RETURN_TYPE = YES_ERROR;
				GCC_WARN_UNDECLARED_SELECTOR = YES;
				GCC_WARN_UNINITIALIZED_AUTOS = YES_AGGRESSIVE;
				GCC_WARN_UNUSED_FUNCTION = YES;
				GCC_WARN_UNUSED_VARIABLE = YES;
				IPHONEOS_DEPLOYMENT_TARGET = 16.4;
				MTL_ENABLE_DEBUG_INFO = NO;
				MTL_FAST_MATH = YES;
				SDKROOT = iphoneos;
				SWIFT_COMPILATION_MODE = wholemodule;
				SWIFT_OPTIMIZATION_LEVEL = "-O";
				VALIDATE_PRODUCT = YES;
			};
			name = Release;
		};
		F4E968AA2A5B12EE005F2821 /* Debug */ = {
			isa = XCBuildConfiguration;
			buildSettings = {
				ASSETCATALOG_COMPILER_APPICON_NAME = AppIcon;
				ASSETCATALOG_COMPILER_GLOBAL_ACCENT_COLOR_NAME = AccentColor;
				CODE_SIGN_STYLE = Automatic;
				CURRENT_PROJECT_VERSION = 1;
				DEVELOPMENT_TEAM = 859Q74B878;
				GENERATE_INFOPLIST_FILE = YES;
				INFOPLIST_FILE = "Rock - Paper - Scissors 2/Info.plist";
				INFOPLIST_KEY_UIApplicationSupportsIndirectInputEvents = YES;
				INFOPLIST_KEY_UILaunchStoryboardName = LaunchScreen;
				INFOPLIST_KEY_UIMainStoryboardFile = Main;
				INFOPLIST_KEY_UISupportedInterfaceOrientations_iPad = "UIInterfaceOrientationPortrait UIInterfaceOrientationPortraitUpsideDown UIInterfaceOrientationLandscapeLeft UIInterfaceOrientationLandscapeRight";
				INFOPLIST_KEY_UISupportedInterfaceOrientations_iPhone = "UIInterfaceOrientationPortrait UIInterfaceOrientationLandscapeLeft UIInterfaceOrientationLandscapeRight";
				LD_RUNPATH_SEARCH_PATHS = (
					"$(inherited)",
					"@executable_path/Frameworks",
				);
				MARKETING_VERSION = 1.0;
				PRODUCT_BUNDLE_IDENTIFIER = "ezgi.Rock---Paper---Scissors-2";
				PRODUCT_NAME = "$(TARGET_NAME)";
				SWIFT_EMIT_LOC_STRINGS = YES;
				SWIFT_VERSION = 5.0;
				TARGETED_DEVICE_FAMILY = "1,2";
			};
			name = Debug;
		};
		F4E968AB2A5B12EE005F2821 /* Release */ = {
			isa = XCBuildConfiguration;
			buildSettings = {
				ASSETCATALOG_COMPILER_APPICON_NAME = AppIcon;
				ASSETCATALOG_COMPILER_GLOBAL_ACCENT_COLOR_NAME = AccentColor;
				CODE_SIGN_STYLE = Automatic;
				CURRENT_PROJECT_VERSION = 1;
				DEVELOPMENT_TEAM = 859Q74B878;
				GENERATE_INFOPLIST_FILE = YES;
				INFOPLIST_FILE = "Rock - Paper - Scissors 2/Info.plist";
				INFOPLIST_KEY_UIApplicationSupportsIndirectInputEvents = YES;
				INFOPLIST_KEY_UILaunchStoryboardName = LaunchScreen;
				INFOPLIST_KEY_UIMainStoryboardFile = Main;
				INFOPLIST_KEY_UISupportedInterfaceOrientations_iPad = "UIInterfaceOrientationPortrait UIInterfaceOrientationPortraitUpsideDown UIInterfaceOrientationLandscapeLeft UIInterfaceOrientationLandscapeRight";
				INFOPLIST_KEY_UISupportedInterfaceOrientations_iPhone = "UIInterfaceOrientationPortrait UIInterfaceOrientationLandscapeLeft UIInterfaceOrientationLandscapeRight";
				LD_RUNPATH_SEARCH_PATHS = (
					"$(inherited)",
					"@executable_path/Frameworks",
				);
				MARKETING_VERSION = 1.0;
				PRODUCT_BUNDLE_IDENTIFIER = "ezgi.Rock---Paper---Scissors-2";
				PRODUCT_NAME = "$(TARGET_NAME)";
				SWIFT_EMIT_LOC_STRINGS = YES;
				SWIFT_VERSION = 5.0;
				TARGETED_DEVICE_FAMILY = "1,2";
			};
			name = Release;
		};
		F4E968AD2A5B12EE005F2821 /* Debug */ = {
			isa = XCBuildConfiguration;
			buildSettings = {
				ALWAYS_EMBED_SWIFT_STANDARD_LIBRARIES = YES;
				BUNDLE_LOADER = "$(TEST_HOST)";
				CODE_SIGN_STYLE = Automatic;
				CURRENT_PROJECT_VERSION = 1;
				DEVELOPMENT_TEAM = 859Q74B878;
				GENERATE_INFOPLIST_FILE = YES;
				IPHONEOS_DEPLOYMENT_TARGET = 16.4;
				MARKETING_VERSION = 1.0;
				PRODUCT_BUNDLE_IDENTIFIER = "ezgi.Rock---Paper---Scissors-2Tests";
				PRODUCT_NAME = "$(TARGET_NAME)";
				SWIFT_EMIT_LOC_STRINGS = NO;
				SWIFT_VERSION = 5.0;
				TARGETED_DEVICE_FAMILY = "1,2";
				TEST_HOST = "$(BUILT_PRODUCTS_DIR)/Rock - Paper - Scissors 2.app/$(BUNDLE_EXECUTABLE_FOLDER_PATH)/Rock - Paper - Scissors 2";
			};
			name = Debug;
		};
		F4E968AE2A5B12EE005F2821 /* Release */ = {
			isa = XCBuildConfiguration;
			buildSettings = {
				ALWAYS_EMBED_SWIFT_STANDARD_LIBRARIES = YES;
				BUNDLE_LOADER = "$(TEST_HOST)";
				CODE_SIGN_STYLE = Automatic;
				CURRENT_PROJECT_VERSION = 1;
				DEVELOPMENT_TEAM = 859Q74B878;
				GENERATE_INFOPLIST_FILE = YES;
				IPHONEOS_DEPLOYMENT_TARGET = 16.4;
				MARKETING_VERSION = 1.0;
				PRODUCT_BUNDLE_IDENTIFIER = "ezgi.Rock---Paper---Scissors-2Tests";
				PRODUCT_NAME = "$(TARGET_NAME)";
				SWIFT_EMIT_LOC_STRINGS = NO;
				SWIFT_VERSION = 5.0;
				TARGETED_DEVICE_FAMILY = "1,2";
				TEST_HOST = "$(BUILT_PRODUCTS_DIR)/Rock - Paper - Scissors 2.app/$(BUNDLE_EXECUTABLE_FOLDER_PATH)/Rock - Paper - Scissors 2";
			};
			name = Release;
		};
		F4E968B02A5B12EE005F2821 /* Debug */ = {
			isa = XCBuildConfiguration;
			buildSettings = {
				ALWAYS_EMBED_SWIFT_STANDARD_LIBRARIES = YES;
				CODE_SIGN_STYLE = Automatic;
				CURRENT_PROJECT_VERSION = 1;
				DEVELOPMENT_TEAM = 859Q74B878;
				GENERATE_INFOPLIST_FILE = YES;
				MARKETING_VERSION = 1.0;
				PRODUCT_BUNDLE_IDENTIFIER = "ezgi.Rock---Paper---Scissors-2UITests";
				PRODUCT_NAME = "$(TARGET_NAME)";
				SWIFT_EMIT_LOC_STRINGS = NO;
				SWIFT_VERSION = 5.0;
				TARGETED_DEVICE_FAMILY = "1,2";
				TEST_TARGET_NAME = "Rock - Paper - Scissors 2";
			};
			name = Debug;
		};
		F4E968B12A5B12EE005F2821 /* Release */ = {
			isa = XCBuildConfiguration;
			buildSettings = {
				ALWAYS_EMBED_SWIFT_STANDARD_LIBRARIES = YES;
				CODE_SIGN_STYLE = Automatic;
				CURRENT_PROJECT_VERSION = 1;
				DEVELOPMENT_TEAM = 859Q74B878;
				GENERATE_INFOPLIST_FILE = YES;
				MARKETING_VERSION = 1.0;
				PRODUCT_BUNDLE_IDENTIFIER = "ezgi.Rock---Paper---Scissors-2UITests";
				PRODUCT_NAME = "$(TARGET_NAME)";
				SWIFT_EMIT_LOC_STRINGS = NO;
				SWIFT_VERSION = 5.0;
				TARGETED_DEVICE_FAMILY = "1,2";
				TEST_TARGET_NAME = "Rock - Paper - Scissors 2";
			};
			name = Release;
		};
/* End XCBuildConfiguration section */

/* Begin XCConfigurationList section */
		F4E9687A2A5B12EC005F2821 /* Build configuration list for PBXProject "Rock - Paper - Scissors 2" */ = {
			isa = XCConfigurationList;
			buildConfigurations = (
				F4E968A72A5B12EE005F2821 /* Debug */,
				F4E968A82A5B12EE005F2821 /* Release */,
			);
			defaultConfigurationIsVisible = 0;
			defaultConfigurationName = Release;
		};
		F4E968A92A5B12EE005F2821 /* Build configuration list for PBXNativeTarget "Rock - Paper - Scissors 2" */ = {
			isa = XCConfigurationList;
			buildConfigurations = (
				F4E968AA2A5B12EE005F2821 /* Debug */,
				F4E968AB2A5B12EE005F2821 /* Release */,
			);
			defaultConfigurationIsVisible = 0;
			defaultConfigurationName = Release;
		};
		F4E968AC2A5B12EE005F2821 /* Build configuration list for PBXNativeTarget "Rock - Paper - Scissors 2Tests" */ = {
			isa = XCConfigurationList;
			buildConfigurations = (
				F4E968AD2A5B12EE005F2821 /* Debug */,
				F4E968AE2A5B12EE005F2821 /* Release */,
			);
			defaultConfigurationIsVisible = 0;
			defaultConfigurationName = Release;
		};
		F4E968AF2A5B12EE005F2821 /* Build configuration list for PBXNativeTarget "Rock - Paper - Scissors 2UITests" */ = {
			isa = XCConfigurationList;
			buildConfigurations = (
				F4E968B02A5B12EE005F2821 /* Debug */,
				F4E968B12A5B12EE005F2821 /* Release */,
			);
			defaultConfigurationIsVisible = 0;
			defaultConfigurationName = Release;
		};
/* End XCConfigurationList section */
	};
	rootObject = F4E968772A5B12EC005F2821 /* Project object */;
}
